
Microsoft Visual Studio Solution File, Format Version 12.00
# Visual Studio Version 17
VisualStudioVersion = 17.0.32014.148
MinimumVisualStudioVersion = 10.0.40219.1
Project("{2150E333-8FDC-42A3-9474-1A3956D46DE8}") = "src", "src", "{AFF4AC5D-0FD3-451C-9A01-C1FD0C6D8F54}"
EndProject
Project("{FAE04EC0-301F-11D3-BF4B-00C04F79EFBC}") = "WebApplication", "src\WebApplication\WebApplication.csproj", "{789EA357-09F5-4017-A9D3-3CA25C9D32BB}"
EndProject
Global
	GlobalSection(SolutionConfigurationPlatforms) = preSolution
		Debug|Any CPU = Debug|Any CPU
		Release|Any CPU = Release|Any CPU
	EndGlobalSection
	GlobalSection(ProjectConfigurationPlatforms) = postSolution
		{789EA357-09F5-4017-A9D3-3CA25C9D32BB}.Debug|Any CPU.ActiveCfg = Debug|Any CPU
		{789EA357-09F5-4017-A9D3-3CA25C9D32BB}.Debug|Any CPU.Build.0 = Debug|Any CPU
		{789EA357-09F5-4017-A9D3-3CA25C9D32BB}.Release|Any CPU.ActiveCfg = Release|Any CPU
		{789EA357-09F5-4017-A9D3-3CA25C9D32BB}.Release|Any CPU.Build.0 = Release|Any CPU
	EndGlobalSection
	GlobalSection(SolutionProperties) = preSolution
		HideSolutionNode = FALSE
	EndGlobalSection
	GlobalSection(NestedProjects) = preSolution
		{789EA357-09F5-4017-A9D3-3CA25C9D32BB} = {AFF4AC5D-0FD3-451C-9A01-C1FD0C6D8F54}
	EndGlobalSection
	GlobalSection(ExtensibilityGlobals) = postSolution
		SolutionGuid = {2A15803E-719A-407A-ADED-79BAB1759C41}
	EndGlobalSection
EndGlobal
