
Microsoft Visual Studio Solution File, Format Version 12.00
# Visual Studio 15
VisualStudioVersion = 15.0.28307.757
MinimumVisualStudioVersion = 10.0.40219.1
Project("{FAE04EC0-301F-11D3-BF4B-00C04F79EFBC}") = "WebApplication", "src\WebApplication\WebApplication.csproj", "{608AA151-F772-4A18-9C64-E8BCA4A29633}"
EndProject
Global
	GlobalSection(SolutionConfigurationPlatforms) = preSolution
		Debug|Any CPU = Debug|Any CPU
		Release|Any CPU = Release|Any CPU
	EndGlobalSection
	GlobalSection(ProjectConfigurationPlatforms) = postSolution
		{608AA151-F772-4A18-9C64-E8BCA4A29633}.Debug|Any CPU.ActiveCfg = Debug|Any CPU
		{608AA151-F772-4A18-9C64-E8BCA4A29633}.Debug|Any CPU.Build.0 = Debug|Any CPU
		{608AA151-F772-4A18-9C64-E8BCA4A29633}.Release|Any CPU.ActiveCfg = Release|Any CPU
		{608AA151-F772-4A18-9C64-E8BCA4A29633}.Release|Any CPU.Build.0 = Release|Any CPU
	EndGlobalSection
	GlobalSection(SolutionProperties) = preSolution
		HideSolutionNode = FALSE
	EndGlobalSection
	GlobalSection(ExtensibilityGlobals) = postSolution
		SolutionGuid = {A8AAECD1-18E8-47F7-AC2F-ECD9BF91783D}
	EndGlobalSection
EndGlobal
